
Microsoft Visual Studio Solution File, Format Version 12.00
# Visual Studio Version 17
VisualStudioVersion = 17.8.34309.116
MinimumVisualStudioVersion = 10.0.40219.1
Project("{FAE04EC0-301F-11D3-BF4B-00C04F79EFBC}") = "SMK practika", "SMK practika.csproj", "{54767B31-8C2F-4833-8B34-BD37228C030E}"
EndProject
Global
	GlobalSection(SolutionConfigurationPlatforms) = preSolution
		Debug|Any CPU = Debug|Any CPU
		Release|Any CPU = Release|Any CPU
	EndGlobalSection
	GlobalSection(ProjectConfigurationPlatforms) = postSolution
		{54767B31-8C2F-4833-8B34-BD37228C030E}.Debug|Any CPU.ActiveCfg = Debug|Any CPU
		{54767B31-8C2F-4833-8B34-BD37228C030E}.Debug|Any CPU.Build.0 = Debug|Any CPU
		{54767B31-8C2F-4833-8B34-BD37228C030E}.Release|Any CPU.ActiveCfg = Release|Any CPU
		{54767B31-8C2F-4833-8B34-BD37228C030E}.Release|Any CPU.Build.0 = Release|Any CPU
	EndGlobalSection
	GlobalSection(SolutionProperties) = preSolution
		HideSolutionNode = FALSE
	EndGlobalSection
	GlobalSection(ExtensibilityGlobals) = postSolution
		SolutionGuid = {99DC61BC-36F7-4128-9629-3D96B751D4AB}
	EndGlobalSection
EndGlobal
